{
  "name": "360-no-scope",
  "version": "1.0.0",
  "lockfileVersion": 1,
  "requires": true,
  "dependencies": {
    "@egjs/agent": {
      "version": "2.1.5",
      "resolved": "https://registry.npmjs.org/@egjs/agent/-/agent-2.1.5.tgz",
      "integrity": "sha512-PfdMXd+4WiZN9Xcc1MU31w/RSi6GK6hgufuADRKNY60nXvT34dnXaIyEQlTBkviDfYSOZ8kYW66udyiEMcpqVA=="
    },
    "@egjs/axes": {
      "version": "2.5.8",
      "resolved": "https://registry.npmjs.org/@egjs/axes/-/axes-2.5.8.tgz",
      "integrity": "sha512-Fjc3uaUFurB/Eqs4xWn7IGD4u87FpPv9+zfMwe5HjF/4hp2561UhoNYf7nevaK5J7pc/eAts5PHA1smvQdWr6g==",
      "requires": {
        "@egjs/component": "^2.1.2",
        "@egjs/hammerjs": "^2.0.12"
      }
    },
    "@egjs/component": {
      "version": "2.1.2",
      "resolved": "https://registry.npmjs.org/@egjs/component/-/component-2.1.2.tgz",
      "integrity": "sha512-7tnPiqxbSZ0porzlm0+/O3qZdanMj0zOq0sb17wQXuaRG49XKKKJaO+SacGnZDqf308N5hzJ0m9fZ4+j+VBvXA=="
    },
    "@egjs/hammerjs": {
      "version": "2.0.14",
      "resolved": "https://registry.npmjs.org/@egjs/hammerjs/-/hammerjs-2.0.14.tgz",
      "integrity": "sha512-MRylsqeDxPORWBZjIBueueKCUOKeggEncC7EDrq0vkrK3OesEJp0zoRZA1RsMc8/5QSvktCeXLXPh+kRcMP6Ng==",
      "requires": {
        "@types/hammerjs": "^2.0.36"
      }
    },
    "@egjs/view360": {
      "version": "3.2.1-rc",
      "resolved": "https://registry.npmjs.org/@egjs/view360/-/view360-3.2.1-rc.tgz",
      "integrity": "sha512-OqI3HjJiuMI5kW0w8AYQNKpL1f8k6YZK1IyqbTmKzzLuvJfs7sIrfMxmRr11GvvHkwYQZG17yn3qP/nn+BsSFQ==",
      "requires": {
        "@egjs/agent": "^2.1.5",
        "@egjs/axes": "^2.5.8",
        "@egjs/component": "^2.1.2",
        "es6-promise": "^4.2.5",
        "webvr-polyfill": "^0.9.16"
      }
    },
    "@types/hammerjs": {
      "version": "2.0.36",
      "resolved": "https://registry.npmjs.org/@types/hammerjs/-/hammerjs-2.0.36.tgz",
      "integrity": "sha512-7TUK/k2/QGpEAv/BCwSHlYu3NXZhQ9ZwBYpzr9tjlPIL2C5BeGhH3DmVavRx3ZNyELX5TLC91JTz/cen6AAtIQ=="
    },
    "es6-promise": {
      "version": "4.2.5",
      "resolved": "https://registry.npmjs.org/es6-promise/-/es6-promise-4.2.5.tgz",
      "integrity": "sha512-n6wvpdE43VFtJq+lUDYDBFUwV8TZbuGXLV4D6wKafg13ldznKsyEvatubnmUe31zcvelSzOHF+XbaT+Bl9ObDg=="
    },
    "webvr-polyfill": {
      "version": "0.9.41",
      "resolved": "https://registry.npmjs.org/webvr-polyfill/-/webvr-polyfill-0.9.41.tgz",
      "integrity": "sha512-xgZPm7DXd2iUn4wh+/ubh1AzYWaHlx6VCmpxgTvoKzi1sMz9ePChQvsq1tm18aUfuzs6dtMrnNWoaQIwl81QsQ=="
    }
  }
}
